
Microsoft Visual Studio Solution File, Format Version 12.00
# Visual Studio Version 17
VisualStudioVersion = 17.10.34928.147
MinimumVisualStudioVersion = 10.0.40219.1
Project("{9A19103F-16F7-4668-BE54-9A1E7A4F7556}") = "Fiap.Api.SmartCollect", "Fiap.Api.SmartCollect.csproj", "{D9503820-FAB7-49A0-A76E-CC64E4C4157B}"
EndProject
Project("{9A19103F-16F7-4668-BE54-9A1E7A4F7556}") = "Fiap.Api.SmartCollect.Test", "..\Fiap.Api.SmartColletct.Test\Fiap.Api.SmartCollect.Test.csproj", "{551E73EB-79E6-44A5-B7D7-A06816D6C0E9}"
	ProjectSection(ProjectDependencies) = postProject
		{D9503820-FAB7-49A0-A76E-CC64E4C4157B} = {D9503820-FAB7-49A0-A76E-CC64E4C4157B}
	EndProjectSection
EndProject
Global
	GlobalSection(SolutionConfigurationPlatforms) = preSolution
		Debug|Any CPU = Debug|Any CPU
		Release|Any CPU = Release|Any CPU
	EndGlobalSection
	GlobalSection(ProjectConfigurationPlatforms) = postSolution
		{D9503820-FAB7-49A0-A76E-CC64E4C4157B}.Debug|Any CPU.ActiveCfg = Debug|Any CPU
		{D9503820-FAB7-49A0-A76E-CC64E4C4157B}.Debug|Any CPU.Build.0 = Debug|Any CPU
		{D9503820-FAB7-49A0-A76E-CC64E4C4157B}.Release|Any CPU.ActiveCfg = Release|Any CPU
		{D9503820-FAB7-49A0-A76E-CC64E4C4157B}.Release|Any CPU.Build.0 = Release|Any CPU
		{551E73EB-79E6-44A5-B7D7-A06816D6C0E9}.Debug|Any CPU.ActiveCfg = Debug|Any CPU
		{551E73EB-79E6-44A5-B7D7-A06816D6C0E9}.Debug|Any CPU.Build.0 = Debug|Any CPU
		{551E73EB-79E6-44A5-B7D7-A06816D6C0E9}.Release|Any CPU.ActiveCfg = Release|Any CPU
		{551E73EB-79E6-44A5-B7D7-A06816D6C0E9}.Release|Any CPU.Build.0 = Release|Any CPU
	EndGlobalSection
	GlobalSection(SolutionProperties) = preSolution
		HideSolutionNode = FALSE
	EndGlobalSection
	GlobalSection(ExtensibilityGlobals) = postSolution
		SolutionGuid = {00A0DDFE-023D-4A8B-95D3-7CB289699D88}
	EndGlobalSection
EndGlobal
